
Microsoft Visual Studio Solution File, Format Version 12.00
# Visual Studio Version 17
VisualStudioVersion = 17.12.35527.113
MinimumVisualStudioVersion = 10.0.40219.1
Project("{9A19103F-16F7-4668-BE54-9A1E7A4F7556}") = "SantaEulalia", "SantaEulalia\SantaEulalia.csproj", "{4A47FC3B-6439-4348-9A71-EE6EC1324077}"
EndProject
Project("{FAE04EC0-301F-11D3-BF4B-00C04F79EFBC}") = "CapaDatos", "CapaDatos\CapaDatos.csproj", "{6262A0CE-828B-4584-80C0-49F50FCACC2D}"
EndProject
Project("{FAE04EC0-301F-11D3-BF4B-00C04F79EFBC}") = "CapaEntidad", "CapaEntidad\CapaEntidad.csproj", "{9635E793-BA7F-492B-B6E9-2CBC5AF4E0DA}"
EndProject
Project("{FAE04EC0-301F-11D3-BF4B-00C04F79EFBC}") = "CapaLogica", "CapaLogica\CapaLogica.csproj", "{E6AC60A6-136E-4374-832C-53FE0A3BE9AA}"
EndProject
Global
	GlobalSection(SolutionConfigurationPlatforms) = preSolution
		Debug|Any CPU = Debug|Any CPU
		Release|Any CPU = Release|Any CPU
	EndGlobalSection
	GlobalSection(ProjectConfigurationPlatforms) = postSolution
		{4A47FC3B-6439-4348-9A71-EE6EC1324077}.Debug|Any CPU.ActiveCfg = Debug|Any CPU
		{4A47FC3B-6439-4348-9A71-EE6EC1324077}.Debug|Any CPU.Build.0 = Debug|Any CPU
		{4A47FC3B-6439-4348-9A71-EE6EC1324077}.Release|Any CPU.ActiveCfg = Release|Any CPU
		{4A47FC3B-6439-4348-9A71-EE6EC1324077}.Release|Any CPU.Build.0 = Release|Any CPU
		{6262A0CE-828B-4584-80C0-49F50FCACC2D}.Debug|Any CPU.ActiveCfg = Debug|Any CPU
		{6262A0CE-828B-4584-80C0-49F50FCACC2D}.Debug|Any CPU.Build.0 = Debug|Any CPU
		{6262A0CE-828B-4584-80C0-49F50FCACC2D}.Release|Any CPU.ActiveCfg = Release|Any CPU
		{6262A0CE-828B-4584-80C0-49F50FCACC2D}.Release|Any CPU.Build.0 = Release|Any CPU
		{9635E793-BA7F-492B-B6E9-2CBC5AF4E0DA}.Debug|Any CPU.ActiveCfg = Debug|Any CPU
		{9635E793-BA7F-492B-B6E9-2CBC5AF4E0DA}.Debug|Any CPU.Build.0 = Debug|Any CPU
		{9635E793-BA7F-492B-B6E9-2CBC5AF4E0DA}.Release|Any CPU.ActiveCfg = Release|Any CPU
		{9635E793-BA7F-492B-B6E9-2CBC5AF4E0DA}.Release|Any CPU.Build.0 = Release|Any CPU
		{E6AC60A6-136E-4374-832C-53FE0A3BE9AA}.Debug|Any CPU.ActiveCfg = Debug|Any CPU
		{E6AC60A6-136E-4374-832C-53FE0A3BE9AA}.Debug|Any CPU.Build.0 = Debug|Any CPU
		{E6AC60A6-136E-4374-832C-53FE0A3BE9AA}.Release|Any CPU.ActiveCfg = Release|Any CPU
		{E6AC60A6-136E-4374-832C-53FE0A3BE9AA}.Release|Any CPU.Build.0 = Release|Any CPU
	EndGlobalSection
	GlobalSection(SolutionProperties) = preSolution
		HideSolutionNode = FALSE
	EndGlobalSection
	GlobalSection(ExtensibilityGlobals) = postSolution
		SolutionGuid = {A6A0C525-FC5F-4CA5-8DEE-FFD709CB133D}
	EndGlobalSection
EndGlobal
